// !$*UTF8*$!
{
	archiveVersion = 1;
	classes = {
	};
	objectVersion = 48;
	objects = {

/* Begin PBXBuildFile section */
		4E077F9C1F7024DD00FAEE15 /* CausalTreeInterface.swift in Sources */ = {isa = PBXBuildFile; fileRef = 4E077F9B1F7024DD00FAEE15 /* CausalTreeInterface.swift */; };
		4E077F9E1F70250B00FAEE15 /* CausalTreeInterfaceTextExtensions.swift in Sources */ = {isa = PBXBuildFile; fileRef = 4E077F9D1F70250B00FAEE15 /* CausalTreeInterfaceTextExtensions.swift */; };
		4E0E95E61F98BD5300D35635 /* CausalTreeSetup.swift in Sources */ = {isa = PBXBuildFile; fileRef = 4E0E95E51F98BD5300D35635 /* CausalTreeSetup.swift */; };
		4E167B6C1F56249F0094E7E1 /* Utilities.swift in Sources */ = {isa = PBXBuildFile; fileRef = 4E167B6B1F56249F0094E7E1 /* Utilities.swift */; };
		4E289A061F6F4C11006F4E1B /* BinaryCodable.swift in Sources */ = {isa = PBXBuildFile; fileRef = 4EDC18D01F6F262600E47028 /* BinaryCodable.swift */; };
		4E289A071F6F4C11006F4E1B /* BinaryCodableExtensions.swift in Sources */ = {isa = PBXBuildFile; fileRef = 4EDC18D31F6F262700E47028 /* BinaryCodableExtensions.swift */; };
		4E289A081F6F4C11006F4E1B /* BinaryDecoder.swift in Sources */ = {isa = PBXBuildFile; fileRef = 4EDC18D21F6F262700E47028 /* BinaryDecoder.swift */; };
		4E289A091F6F4C11006F4E1B /* BinaryEncoder.swift in Sources */ = {isa = PBXBuildFile; fileRef = 4EDC18D11F6F262700E47028 /* BinaryEncoder.swift */; };
		4E2AB0711F9A09AA006F47C9 /* CloudKit.framework in Frameworks */ = {isa = PBXBuildFile; fileRef = 4E2AB0701F9A09AA006F47C9 /* CloudKit.framework */; };
		4E2AB0731F9A10E0006F47C9 /* Network.swift in Sources */ = {isa = PBXBuildFile; fileRef = 4E2AB0721F9A10E0006F47C9 /* Network.swift */; };
		4E3B3ACE1F620C2300BDF63A /* CausalTreeControlViewController.swift in Sources */ = {isa = PBXBuildFile; fileRef = 4E3B3ACD1F620C2300BDF63A /* CausalTreeControlViewController.swift */; };
		4E4476CB1F98FC650030364C /* CRDTFramework-iOS.h in Headers */ = {isa = PBXBuildFile; fileRef = 4E64F1B61F98AD0400569170 /* CRDTFramework-iOS.h */; };
		4E4476CC1F98FC8E0030364C /* CRDTGeneral.swift in Sources */ = {isa = PBXBuildFile; fileRef = 4E6EF1041F5F60E900161ECE /* CRDTGeneral.swift */; };
		4E4476CD1F98FC8E0030364C /* CRDTCausalTreesBasicTypes.swift in Sources */ = {isa = PBXBuildFile; fileRef = 4E4E2EEE1F6FDF930063E300 /* CRDTCausalTreesBasicTypes.swift */; };
		4E4476CE1F98FC8E0030364C /* CRDTCausalTrees.swift in Sources */ = {isa = PBXBuildFile; fileRef = 4E4E2EEC1F6FDE9E0063E300 /* CRDTCausalTrees.swift */; };
		4E4476CF1F98FC8E0030364C /* CRDTCausalTreesSiteIndex.swift in Sources */ = {isa = PBXBuildFile; fileRef = 4E4E2EEA1F6FDE920063E300 /* CRDTCausalTreesSiteIndex.swift */; };
		4E4476D01F98FC8E0030364C /* CRDTCausalTreesWeave.swift in Sources */ = {isa = PBXBuildFile; fileRef = 4EFBCD6B1F5457D80091F778 /* CRDTCausalTreesWeave.swift */; };
		4E4476D21F98FC8E0030364C /* CRDTUtilities.swift in Sources */ = {isa = PBXBuildFile; fileRef = 4E6EF1001F5F21C300161ECE /* CRDTUtilities.swift */; };
		4E4476D31F98FC8E0030364C /* CRDTCounter.swift in Sources */ = {isa = PBXBuildFile; fileRef = 4E75BC9C1F8D0CE200E82930 /* CRDTCounter.swift */; };
		4E4476D41F98FC8E0030364C /* CRDTGeneral.swift in Sources */ = {isa = PBXBuildFile; fileRef = 4E6EF1041F5F60E900161ECE /* CRDTGeneral.swift */; };
		4E4476D51F98FC8E0030364C /* CRDTCausalTreesBasicTypes.swift in Sources */ = {isa = PBXBuildFile; fileRef = 4E4E2EEE1F6FDF930063E300 /* CRDTCausalTreesBasicTypes.swift */; };
		4E4476D61F98FC8E0030364C /* CRDTCausalTrees.swift in Sources */ = {isa = PBXBuildFile; fileRef = 4E4E2EEC1F6FDE9E0063E300 /* CRDTCausalTrees.swift */; };
		4E4476D71F98FC8E0030364C /* CRDTCausalTreesSiteIndex.swift in Sources */ = {isa = PBXBuildFile; fileRef = 4E4E2EEA1F6FDE920063E300 /* CRDTCausalTreesSiteIndex.swift */; };
		4E4476D81F98FC8E0030364C /* CRDTCausalTreesWeave.swift in Sources */ = {isa = PBXBuildFile; fileRef = 4EFBCD6B1F5457D80091F778 /* CRDTCausalTreesWeave.swift */; };
		4E4476DA1F98FC8E0030364C /* CRDTUtilities.swift in Sources */ = {isa = PBXBuildFile; fileRef = 4E6EF1001F5F21C300161ECE /* CRDTUtilities.swift */; };
		4E4476DB1F98FC8E0030364C /* CRDTCounter.swift in Sources */ = {isa = PBXBuildFile; fileRef = 4E75BC9C1F8D0CE200E82930 /* CRDTCounter.swift */; };
		4E4476DC1F9914810030364C /* BinaryCodable.swift in Sources */ = {isa = PBXBuildFile; fileRef = 4EDC18D01F6F262600E47028 /* BinaryCodable.swift */; };
		4E4476DD1F9914810030364C /* BinaryCodableExtensions.swift in Sources */ = {isa = PBXBuildFile; fileRef = 4EDC18D31F6F262700E47028 /* BinaryCodableExtensions.swift */; };
		4E4476DE1F9914810030364C /* BinaryDecoder.swift in Sources */ = {isa = PBXBuildFile; fileRef = 4EDC18D21F6F262700E47028 /* BinaryDecoder.swift */; };
		4E4476DF1F9914810030364C /* BinaryEncoder.swift in Sources */ = {isa = PBXBuildFile; fileRef = 4EDC18D11F6F262700E47028 /* BinaryEncoder.swift */; };
		4E4476E71F99524A0030364C /* CausalTreeStringWrapper.swift in Sources */ = {isa = PBXBuildFile; fileRef = 4E4476E61F99524A0030364C /* CausalTreeStringWrapper.swift */; };
		4E4F06F41F7947320013E8A9 /* CausalTreeTypeSetup.swift in Sources */ = {isa = PBXBuildFile; fileRef = 4E4F06F31F7947320013E8A9 /* CausalTreeTypeSetup.swift */; };
		4E4F06F91F7956FF0013E8A9 /* CausalTreeBezierWrapper.swift in Sources */ = {isa = PBXBuildFile; fileRef = 4E4F06F81F7956FF0013E8A9 /* CausalTreeBezierWrapper.swift */; };
		4E64F15D1F98A31200569170 /* CRDTCausalTrees.swift in Sources */ = {isa = PBXBuildFile; fileRef = 4E4E2EEC1F6FDE9E0063E300 /* CRDTCausalTrees.swift */; };
		4E64F15E1F98A31200569170 /* CRDTGeneral.swift in Sources */ = {isa = PBXBuildFile; fileRef = 4E6EF1041F5F60E900161ECE /* CRDTGeneral.swift */; };
		4E64F15F1F98A31200569170 /* CRDTCausalTreesSiteIndex.swift in Sources */ = {isa = PBXBuildFile; fileRef = 4E4E2EEA1F6FDE920063E300 /* CRDTCausalTreesSiteIndex.swift */; };
		4E64F1601F98A31200569170 /* CRDTCausalTreesBasicTypes.swift in Sources */ = {isa = PBXBuildFile; fileRef = 4E4E2EEE1F6FDF930063E300 /* CRDTCausalTreesBasicTypes.swift */; };
		4E64F1611F98A31200569170 /* CRDTUtilities.swift in Sources */ = {isa = PBXBuildFile; fileRef = 4E6EF1001F5F21C300161ECE /* CRDTUtilities.swift */; };
		4E64F1631F98A31200569170 /* CRDTCounter.swift in Sources */ = {isa = PBXBuildFile; fileRef = 4E75BC9C1F8D0CE200E82930 /* CRDTCounter.swift */; };
		4E64F1641F98A31200569170 /* CRDTCausalTreesWeave.swift in Sources */ = {isa = PBXBuildFile; fileRef = 4EFBCD6B1F5457D80091F778 /* CRDTCausalTreesWeave.swift */; };
		4E64F1811F98AAA800569170 /* AppDelegate.swift in Sources */ = {isa = PBXBuildFile; fileRef = 4E64F1801F98AAA800569170 /* AppDelegate.swift */; };
		4E64F1831F98AAA800569170 /* MasterViewController.swift in Sources */ = {isa = PBXBuildFile; fileRef = 4E64F1821F98AAA800569170 /* MasterViewController.swift */; };
		4E64F1851F98AAA800569170 /* DetailViewController.swift in Sources */ = {isa = PBXBuildFile; fileRef = 4E64F1841F98AAA800569170 /* DetailViewController.swift */; };
		4E64F1881F98AAA800569170 /* Main.storyboard in Resources */ = {isa = PBXBuildFile; fileRef = 4E64F1861F98AAA800569170 /* Main.storyboard */; };
		4E64F18A1F98AAA800569170 /* Assets.xcassets in Resources */ = {isa = PBXBuildFile; fileRef = 4E64F1891F98AAA800569170 /* Assets.xcassets */; };
		4E64F18D1F98AAA800569170 /* LaunchScreen.storyboard in Resources */ = {isa = PBXBuildFile; fileRef = 4E64F18B1F98AAA800569170 /* LaunchScreen.storyboard */; };
		4E64F1C01F98AD1100569170 /* CRDTGeneral.swift in Sources */ = {isa = PBXBuildFile; fileRef = 4E6EF1041F5F60E900161ECE /* CRDTGeneral.swift */; };
		4E64F1C11F98AD1100569170 /* CRDTCausalTreesBasicTypes.swift in Sources */ = {isa = PBXBuildFile; fileRef = 4E4E2EEE1F6FDF930063E300 /* CRDTCausalTreesBasicTypes.swift */; };
		4E64F1C21F98AD1100569170 /* CRDTCausalTrees.swift in Sources */ = {isa = PBXBuildFile; fileRef = 4E4E2EEC1F6FDE9E0063E300 /* CRDTCausalTrees.swift */; };
		4E64F1C31F98AD1100569170 /* CRDTCausalTreesSiteIndex.swift in Sources */ = {isa = PBXBuildFile; fileRef = 4E4E2EEA1F6FDE920063E300 /* CRDTCausalTreesSiteIndex.swift */; };
		4E64F1C41F98AD1100569170 /* CRDTCausalTreesWeave.swift in Sources */ = {isa = PBXBuildFile; fileRef = 4EFBCD6B1F5457D80091F778 /* CRDTCausalTreesWeave.swift */; };
		4E64F1C61F98AD1100569170 /* CRDTUtilities.swift in Sources */ = {isa = PBXBuildFile; fileRef = 4E6EF1001F5F21C300161ECE /* CRDTUtilities.swift */; };
		4E64F1C71F98AD1100569170 /* CRDTCounter.swift in Sources */ = {isa = PBXBuildFile; fileRef = 4E75BC9C1F8D0CE200E82930 /* CRDTCounter.swift */; };
		4E64F1C81F98AE3C00569170 /* Util.swift in Sources */ = {isa = PBXBuildFile; fileRef = 4E64F1761F98A3C000569170 /* Util.swift */; };
		4E64F1C91F98AE3C00569170 /* Util.swift in Sources */ = {isa = PBXBuildFile; fileRef = 4E64F1761F98A3C000569170 /* Util.swift */; };
		4E64F1CA1F98AE3D00569170 /* Util.swift in Sources */ = {isa = PBXBuildFile; fileRef = 4E64F1761F98A3C000569170 /* Util.swift */; };
		4E64F1CB1F98AE3D00569170 /* Util.swift in Sources */ = {isa = PBXBuildFile; fileRef = 4E64F1761F98A3C000569170 /* Util.swift */; };
		4E6577A01F9BD70100016F61 /* DataStack.swift in Sources */ = {isa = PBXBuildFile; fileRef = 4E65779F1F9BD70100016F61 /* DataStack.swift */; };
		4E66B5492006D951001C4BAC /* CRDTTextEditing.swift in Sources */ = {isa = PBXBuildFile; fileRef = 4EC536BE1FA343590007914B /* CRDTTextEditing.swift */; };
		4E66B54A2006D951001C4BAC /* CRDTTextEditing.swift in Sources */ = {isa = PBXBuildFile; fileRef = 4EC536BE1FA343590007914B /* CRDTTextEditing.swift */; };
		4E66B54B2006D951001C4BAC /* CRDTTextEditing.swift in Sources */ = {isa = PBXBuildFile; fileRef = 4EC536BE1FA343590007914B /* CRDTTextEditing.swift */; };
		4E66B5502006D95F001C4BAC /* CausalTreeStringWrapper.swift in Sources */ = {isa = PBXBuildFile; fileRef = 4E4476E61F99524A0030364C /* CausalTreeStringWrapper.swift */; };
		4E66B5512006D95F001C4BAC /* CausalTreeStringWrapper.swift in Sources */ = {isa = PBXBuildFile; fileRef = 4E4476E61F99524A0030364C /* CausalTreeStringWrapper.swift */; };
		4E66B5522006DA79001C4BAC /* CausalTreeStringWrapper.swift in Sources */ = {isa = PBXBuildFile; fileRef = 4E788BBB1F6D519700AC8333 /* CausalTreeStringWrapper.swift */; };
		4E78BD261F6A953F000FF4DD /* TestingRecorder.swift in Sources */ = {isa = PBXBuildFile; fileRef = 4E78BD251F6A953F000FF4DD /* TestingRecorder.swift */; };
		4E7962CD1F60357A00EFB542 /* CausalTreeDisplayViewController.swift in Sources */ = {isa = PBXBuildFile; fileRef = 4EFBCD251F5454B10091F778 /* CausalTreeDisplayViewController.swift */; };
		4E964A0F1F9963E60076EFA1 /* CausalTreeCloudKitTextStorage.swift in Sources */ = {isa = PBXBuildFile; fileRef = 4E4476E21F9915CC0030364C /* CausalTreeCloudKitTextStorage.swift */; };
		4EB3C0931F7172DC007F5F51 /* CausalTreeInterfaceDrawExtensions.swift in Sources */ = {isa = PBXBuildFile; fileRef = 4EB3C0921F7172DC007F5F51 /* CausalTreeInterfaceDrawExtensions.swift */; };
		4EB3C0951F71C473007F5F51 /* CausalTreeDrawEditingView.swift in Sources */ = {isa = PBXBuildFile; fileRef = 4EB3C0941F71C473007F5F51 /* CausalTreeDrawEditingView.swift */; };
		4EBDC4F01F9BB52100FC0DEB /* MemoryNetworkLayer.swift in Sources */ = {isa = PBXBuildFile; fileRef = 4EBDC4EF1F9BB52100FC0DEB /* MemoryNetworkLayer.swift */; };
		4EBDC4F51F9BB55400FC0DEB /* Memory.swift in Sources */ = {isa = PBXBuildFile; fileRef = 4EBDC4F41F9BB55400FC0DEB /* Memory.swift */; };
		4EC536BF1FA343590007914B /* CRDTTextEditing.swift in Sources */ = {isa = PBXBuildFile; fileRef = 4EC536BE1FA343590007914B /* CRDTTextEditing.swift */; };
		4EC536C01FA344820007914B /* VectorMath.swift in Sources */ = {isa = PBXBuildFile; fileRef = 4E167B601F5594370094E7E1 /* VectorMath.swift */; };
		4EC536C11FA344820007914B /* VectorMath+Quartz.swift in Sources */ = {isa = PBXBuildFile; fileRef = 4E167B651F5594BF0094E7E1 /* VectorMath+Quartz.swift */; };
		4EC536C51FA35D510007914B /* CRDTMap.swift in Sources */ = {isa = PBXBuildFile; fileRef = 4EC536C41FA35D510007914B /* CRDTMap.swift */; };
		4ED619791F69A4DA00B26537 /* CausalTreeTextStorage.swift in Sources */ = {isa = PBXBuildFile; fileRef = 4ED619781F69A4DA00B26537 /* CausalTreeTextStorage.swift */; };
		4EECA6EF1F67198500B35F02 /* FakePeerSwarm.swift in Sources */ = {isa = PBXBuildFile; fileRef = 4EECA6EE1F67198500B35F02 /* FakePeerSwarm.swift */; };
		4EEE4D331FAA3FC70011F964 /* CRDTCausalTreesSpecificTypes.swift in Sources */ = {isa = PBXBuildFile; fileRef = 4EEE4D321FAA3FC70011F964 /* CRDTCausalTreesSpecificTypes.swift */; };
		4EEE4D341FAA3FD40011F964 /* CRDTMap.swift in Sources */ = {isa = PBXBuildFile; fileRef = 4EC536C41FA35D510007914B /* CRDTMap.swift */; };
		4EEE4D351FAA3FD50011F964 /* CRDTMap.swift in Sources */ = {isa = PBXBuildFile; fileRef = 4EC536C41FA35D510007914B /* CRDTMap.swift */; };
		4EEE4D361FAA3FD50011F964 /* CRDTMap.swift in Sources */ = {isa = PBXBuildFile; fileRef = 4EC536C41FA35D510007914B /* CRDTMap.swift */; };
		4EEE4D371FAA3FD70011F964 /* CRDTCausalTreesSpecificTypes.swift in Sources */ = {isa = PBXBuildFile; fileRef = 4EEE4D321FAA3FC70011F964 /* CRDTCausalTreesSpecificTypes.swift */; };
		4EEE4D381FAA3FD90011F964 /* CRDTCausalTreesSpecificTypes.swift in Sources */ = {isa = PBXBuildFile; fileRef = 4EEE4D321FAA3FC70011F964 /* CRDTCausalTreesSpecificTypes.swift */; };
		4EEE4D391FAA3FD90011F964 /* CRDTCausalTreesSpecificTypes.swift in Sources */ = {isa = PBXBuildFile; fileRef = 4EEE4D321FAA3FC70011F964 /* CRDTCausalTreesSpecificTypes.swift */; };
		4EEE4D3B1FAA47F10011F964 /* CRDTStringCharacterAtom.swift in Sources */ = {isa = PBXBuildFile; fileRef = 4EEE4D3A1FAA47F10011F964 /* CRDTStringCharacterAtom.swift */; };
		4EEE4D3C1FAA481A0011F964 /* CRDTStringCharacterAtom.swift in Sources */ = {isa = PBXBuildFile; fileRef = 4EEE4D3A1FAA47F10011F964 /* CRDTStringCharacterAtom.swift */; };
		4EEE4D3D1FAA481A0011F964 /* CRDTStringCharacterAtom.swift in Sources */ = {isa = PBXBuildFile; fileRef = 4EEE4D3A1FAA47F10011F964 /* CRDTStringCharacterAtom.swift */; };
		4EEE4D3E1FAA481B0011F964 /* CRDTStringCharacterAtom.swift in Sources */ = {isa = PBXBuildFile; fileRef = 4EEE4D3A1FAA47F10011F964 /* CRDTStringCharacterAtom.swift */; };
		4EFBCD241F5454B10091F778 /* AppDelegate.swift in Sources */ = {isa = PBXBuildFile; fileRef = 4EFBCD231F5454B10091F778 /* AppDelegate.swift */; };
		4EFBCD281F5454B10091F778 /* Assets.xcassets in Resources */ = {isa = PBXBuildFile; fileRef = 4EFBCD271F5454B10091F778 /* Assets.xcassets */; };
		4EFBCD2B1F5454B10091F778 /* Main.storyboard in Resources */ = {isa = PBXBuildFile; fileRef = 4EFBCD291F5454B10091F778 /* Main.storyboard */; };
		4EFBCD581F5454DE0091F778 /* CRDTFramework.h in Headers */ = {isa = PBXBuildFile; fileRef = 4EFBCD481F5454DD0091F778 /* CRDTFramework.h */; settings = {ATTRIBUTES = (Public, ); }; };
/* End PBXBuildFile section */

/* Begin PBXCopyFilesBuildPhase section */
		4E4476F91F9953FB0030364C /* Embed Frameworks */ = {
			isa = PBXCopyFilesBuildPhase;
			buildActionMask = 2147483647;
			dstPath = "";
			dstSubfolderSpec = 10;
			files = (
			);
			name = "Embed Frameworks";
			runOnlyForDeploymentPostprocessing = 0;
		};
/* End PBXCopyFilesBuildPhase section */

/* Begin PBXFileReference section */
		4E077F9B1F7024DD00FAEE15 /* CausalTreeInterface.swift */ = {isa = PBXFileReference; lastKnownFileType = sourcecode.swift; path = CausalTreeInterface.swift; sourceTree = "<group>"; };
		4E077F9D1F70250B00FAEE15 /* CausalTreeInterfaceTextExtensions.swift */ = {isa = PBXFileReference; lastKnownFileType = sourcecode.swift; path = CausalTreeInterfaceTextExtensions.swift; sourceTree = "<group>"; };
		4E0E95E51F98BD5300D35635 /* CausalTreeSetup.swift */ = {isa = PBXFileReference; lastKnownFileType = sourcecode.swift; path = CausalTreeSetup.swift; sourceTree = "<group>"; };
		4E167B601F5594370094E7E1 /* VectorMath.swift */ = {isa = PBXFileReference; lastKnownFileType = sourcecode.swift; path = VectorMath.swift; sourceTree = "<group>"; };
		4E167B651F5594BF0094E7E1 /* VectorMath+Quartz.swift */ = {isa = PBXFileReference; lastKnownFileType = sourcecode.swift; path = "VectorMath+Quartz.swift"; sourceTree = "<group>"; };
		4E167B6B1F56249F0094E7E1 /* Utilities.swift */ = {isa = PBXFileReference; lastKnownFileType = sourcecode.swift; path = Utilities.swift; sourceTree = "<group>"; };
		4E2AB06E1F9A08B9006F47C9 /* CloudKitRealTimeCollabTest.entitlements */ = {isa = PBXFileReference; lastKnownFileType = text.plist.entitlements; path = CloudKitRealTimeCollabTest.entitlements; sourceTree = "<group>"; };
		4E2AB0701F9A09AA006F47C9 /* CloudKit.framework */ = {isa = PBXFileReference; lastKnownFileType = wrapper.framework; name = CloudKit.framework; path = Platforms/iPhoneOS.platform/Developer/SDKs/iPhoneOS11.0.sdk/System/Library/Frameworks/CloudKit.framework; sourceTree = DEVELOPER_DIR; };
		4E2AB0721F9A10E0006F47C9 /* Network.swift */ = {isa = PBXFileReference; lastKnownFileType = sourcecode.swift; path = Network.swift; sourceTree = "<group>"; };
		4E3B3ACD1F620C2300BDF63A /* CausalTreeControlViewController.swift */ = {isa = PBXFileReference; lastKnownFileType = sourcecode.swift; path = CausalTreeControlViewController.swift; sourceTree = "<group>"; };
		4E4476E21F9915CC0030364C /* CausalTreeCloudKitTextStorage.swift */ = {isa = PBXFileReference; lastKnownFileType = sourcecode.swift; path = CausalTreeCloudKitTextStorage.swift; sourceTree = "<group>"; };
		4E4476E61F99524A0030364C /* CausalTreeStringWrapper.swift */ = {isa = PBXFileReference; lastKnownFileType = sourcecode.swift; path = CausalTreeStringWrapper.swift; sourceTree = "<group>"; };
		4E4E2EEA1F6FDE920063E300 /* CRDTCausalTreesSiteIndex.swift */ = {isa = PBXFileReference; lastKnownFileType = sourcecode.swift; path = CRDTCausalTreesSiteIndex.swift; sourceTree = "<group>"; };
		4E4E2EEC1F6FDE9E0063E300 /* CRDTCausalTrees.swift */ = {isa = PBXFileReference; lastKnownFileType = sourcecode.swift; path = CRDTCausalTrees.swift; sourceTree = "<group>"; };
		4E4E2EEE1F6FDF930063E300 /* CRDTCausalTreesBasicTypes.swift */ = {isa = PBXFileReference; lastKnownFileType = sourcecode.swift; path = CRDTCausalTreesBasicTypes.swift; sourceTree = "<group>"; };
		4E4F06F31F7947320013E8A9 /* CausalTreeTypeSetup.swift */ = {isa = PBXFileReference; lastKnownFileType = sourcecode.swift; path = CausalTreeTypeSetup.swift; sourceTree = "<group>"; };
		4E4F06F81F7956FF0013E8A9 /* CausalTreeBezierWrapper.swift */ = {isa = PBXFileReference; lastKnownFileType = sourcecode.swift; path = CausalTreeBezierWrapper.swift; sourceTree = "<group>"; };
		4E64F1761F98A3C000569170 /* Util.swift */ = {isa = PBXFileReference; lastKnownFileType = sourcecode.swift; path = Util.swift; sourceTree = "<group>"; };
		4E64F17E1F98AAA800569170 /* CloudKitRealTimeCollabTest.app */ = {isa = PBXFileReference; explicitFileType = wrapper.application; includeInIndex = 0; path = CloudKitRealTimeCollabTest.app; sourceTree = BUILT_PRODUCTS_DIR; };
		4E64F1801F98AAA800569170 /* AppDelegate.swift */ = {isa = PBXFileReference; lastKnownFileType = sourcecode.swift; path = AppDelegate.swift; sourceTree = "<group>"; };
		4E64F1821F98AAA800569170 /* MasterViewController.swift */ = {isa = PBXFileReference; lastKnownFileType = sourcecode.swift; path = MasterViewController.swift; sourceTree = "<group>"; };
		4E64F1841F98AAA800569170 /* DetailViewController.swift */ = {isa = PBXFileReference; lastKnownFileType = sourcecode.swift; path = DetailViewController.swift; sourceTree = "<group>"; };
		4E64F1871F98AAA800569170 /* Base */ = {isa = PBXFileReference; lastKnownFileType = file.storyboard; name = Base; path = Base.lproj/Main.storyboard; sourceTree = "<group>"; };
		4E64F1891F98AAA800569170 /* Assets.xcassets */ = {isa = PBXFileReference; lastKnownFileType = folder.assetcatalog; path = Assets.xcassets; sourceTree = "<group>"; };
		4E64F18C1F98AAA800569170 /* Base */ = {isa = PBXFileReference; lastKnownFileType = file.storyboard; name = Base; path = Base.lproj/LaunchScreen.storyboard; sourceTree = "<group>"; };
		4E64F18E1F98AAA800569170 /* Info.plist */ = {isa = PBXFileReference; lastKnownFileType = text.plist.xml; path = Info.plist; sourceTree = "<group>"; };
		4E64F1B41F98AD0300569170 /* CRDTFramework_iOS.framework */ = {isa = PBXFileReference; explicitFileType = wrapper.framework; includeInIndex = 0; path = CRDTFramework_iOS.framework; sourceTree = BUILT_PRODUCTS_DIR; };
		4E64F1B61F98AD0400569170 /* CRDTFramework-iOS.h */ = {isa = PBXFileReference; lastKnownFileType = sourcecode.c.h; path = "CRDTFramework-iOS.h"; sourceTree = "<group>"; };
		4E64F1B71F98AD0400569170 /* Info.plist */ = {isa = PBXFileReference; lastKnownFileType = text.plist.xml; path = Info.plist; sourceTree = "<group>"; };
		4E65779F1F9BD70100016F61 /* DataStack.swift */ = {isa = PBXFileReference; lastKnownFileType = sourcecode.swift; path = DataStack.swift; sourceTree = "<group>"; };
		4E6EF1001F5F21C300161ECE /* CRDTUtilities.swift */ = {isa = PBXFileReference; lastKnownFileType = sourcecode.swift; path = CRDTUtilities.swift; sourceTree = "<group>"; };
		4E6EF1021F5F21D600161ECE /* CRDTTesting.swift */ = {isa = PBXFileReference; lastKnownFileType = sourcecode.swift; path = CRDTTesting.swift; sourceTree = "<group>"; };
		4E6EF1041F5F60E900161ECE /* CRDTGeneral.swift */ = {isa = PBXFileReference; lastKnownFileType = sourcecode.swift; path = CRDTGeneral.swift; sourceTree = "<group>"; };
		4E75BC9C1F8D0CE200E82930 /* CRDTCounter.swift */ = {isa = PBXFileReference; lastKnownFileType = sourcecode.swift; path = CRDTCounter.swift; sourceTree = "<group>"; };
		4E75BC9F1F8D346A00E82930 /* CRDTCausalTreesWeaveDeprecated.swift */ = {isa = PBXFileReference; lastKnownFileType = sourcecode.swift; path = CRDTCausalTreesWeaveDeprecated.swift; sourceTree = "<group>"; };
		4E788BBB1F6D519700AC8333 /* CausalTreeStringWrapper.swift */ = {isa = PBXFileReference; lastKnownFileType = sourcecode.swift; path = CausalTreeStringWrapper.swift; sourceTree = "<group>"; };
		4E78BD251F6A953F000FF4DD /* TestingRecorder.swift */ = {isa = PBXFileReference; lastKnownFileType = sourcecode.swift; path = TestingRecorder.swift; sourceTree = "<group>"; };
		4EB3C0921F7172DC007F5F51 /* CausalTreeInterfaceDrawExtensions.swift */ = {isa = PBXFileReference; lastKnownFileType = sourcecode.swift; path = CausalTreeInterfaceDrawExtensions.swift; sourceTree = "<group>"; };
		4EB3C0941F71C473007F5F51 /* CausalTreeDrawEditingView.swift */ = {isa = PBXFileReference; lastKnownFileType = sourcecode.swift; path = CausalTreeDrawEditingView.swift; sourceTree = "<group>"; };
		4EBDC4EF1F9BB52100FC0DEB /* MemoryNetworkLayer.swift */ = {isa = PBXFileReference; lastKnownFileType = sourcecode.swift; path = MemoryNetworkLayer.swift; sourceTree = "<group>"; };
		4EBDC4F41F9BB55400FC0DEB /* Memory.swift */ = {isa = PBXFileReference; lastKnownFileType = sourcecode.swift; path = Memory.swift; sourceTree = "<group>"; };
		4EBE47581F7B9DB70020BA0A /* TODO.md */ = {isa = PBXFileReference; lastKnownFileType = net.daringfireball.markdown; path = TODO.md; sourceTree = "<group>"; };
		4EC536BE1FA343590007914B /* CRDTTextEditing.swift */ = {isa = PBXFileReference; lastKnownFileType = sourcecode.swift; path = CRDTTextEditing.swift; sourceTree = "<group>"; };
		4EC536C41FA35D510007914B /* CRDTMap.swift */ = {isa = PBXFileReference; lastKnownFileType = sourcecode.swift; path = CRDTMap.swift; sourceTree = "<group>"; };
		4ED619781F69A4DA00B26537 /* CausalTreeTextStorage.swift */ = {isa = PBXFileReference; lastKnownFileType = sourcecode.swift; path = CausalTreeTextStorage.swift; sourceTree = "<group>"; };
		4EDC18CF1F6ECBC300E47028 /* README.md */ = {isa = PBXFileReference; lastKnownFileType = net.daringfireball.markdown; path = README.md; sourceTree = "<group>"; };
		4EDC18D01F6F262600E47028 /* BinaryCodable.swift */ = {isa = PBXFileReference; lastKnownFileType = sourcecode.swift; path = BinaryCodable.swift; sourceTree = "<group>"; };
		4EDC18D11F6F262700E47028 /* BinaryEncoder.swift */ = {isa = PBXFileReference; lastKnownFileType = sourcecode.swift; path = BinaryEncoder.swift; sourceTree = "<group>"; };
		4EDC18D21F6F262700E47028 /* BinaryDecoder.swift */ = {isa = PBXFileReference; lastKnownFileType = sourcecode.swift; path = BinaryDecoder.swift; sourceTree = "<group>"; };
		4EDC18D31F6F262700E47028 /* BinaryCodableExtensions.swift */ = {isa = PBXFileReference; lastKnownFileType = sourcecode.swift; path = BinaryCodableExtensions.swift; sourceTree = "<group>"; };
		4EECA6EE1F67198500B35F02 /* FakePeerSwarm.swift */ = {isa = PBXFileReference; lastKnownFileType = sourcecode.swift; path = FakePeerSwarm.swift; sourceTree = "<group>"; };
		4EEE4D321FAA3FC70011F964 /* CRDTCausalTreesSpecificTypes.swift */ = {isa = PBXFileReference; lastKnownFileType = sourcecode.swift; path = CRDTCausalTreesSpecificTypes.swift; sourceTree = "<group>"; };
		4EEE4D3A1FAA47F10011F964 /* CRDTStringCharacterAtom.swift */ = {isa = PBXFileReference; lastKnownFileType = sourcecode.swift; path = CRDTStringCharacterAtom.swift; sourceTree = "<group>"; };
		4EFBCD201F5454B10091F778 /* CRDTPlayground.app */ = {isa = PBXFileReference; explicitFileType = wrapper.application; includeInIndex = 0; path = CRDTPlayground.app; sourceTree = BUILT_PRODUCTS_DIR; };
		4EFBCD231F5454B10091F778 /* AppDelegate.swift */ = {isa = PBXFileReference; lastKnownFileType = sourcecode.swift; path = AppDelegate.swift; sourceTree = "<group>"; };
		4EFBCD251F5454B10091F778 /* CausalTreeDisplayViewController.swift */ = {isa = PBXFileReference; lastKnownFileType = sourcecode.swift; path = CausalTreeDisplayViewController.swift; sourceTree = "<group>"; };
		4EFBCD271F5454B10091F778 /* Assets.xcassets */ = {isa = PBXFileReference; lastKnownFileType = folder.assetcatalog; path = Assets.xcassets; sourceTree = "<group>"; };
		4EFBCD2A1F5454B10091F778 /* Base */ = {isa = PBXFileReference; lastKnownFileType = file.storyboard; name = Base; path = Base.lproj/Main.storyboard; sourceTree = "<group>"; };
		4EFBCD2C1F5454B10091F778 /* Info.plist */ = {isa = PBXFileReference; lastKnownFileType = text.plist.xml; path = Info.plist; sourceTree = "<group>"; };
		4EFBCD2D1F5454B10091F778 /* CRDTPlayground.entitlements */ = {isa = PBXFileReference; lastKnownFileType = text.plist.entitlements; path = CRDTPlayground.entitlements; sourceTree = "<group>"; };
		4EFBCD461F5454DD0091F778 /* CRDTFramework_OSX.framework */ = {isa = PBXFileReference; explicitFileType = wrapper.framework; includeInIndex = 0; path = CRDTFramework_OSX.framework; sourceTree = BUILT_PRODUCTS_DIR; };
		4EFBCD481F5454DD0091F778 /* CRDTFramework.h */ = {isa = PBXFileReference; lastKnownFileType = sourcecode.c.h; path = CRDTFramework.h; sourceTree = "<group>"; };
		4EFBCD491F5454DD0091F778 /* Info.plist */ = {isa = PBXFileReference; lastKnownFileType = text.plist.xml; path = Info.plist; sourceTree = "<group>"; };
		4EFBCD6B1F5457D80091F778 /* CRDTCausalTreesWeave.swift */ = {isa = PBXFileReference; lastKnownFileType = sourcecode.swift; path = CRDTCausalTreesWeave.swift; sourceTree = "<group>"; };
/* End PBXFileReference section */

/* Begin PBXFrameworksBuildPhase section */
		4E64F17B1F98AAA800569170 /* Frameworks */ = {
			isa = PBXFrameworksBuildPhase;
			buildActionMask = 2147483647;
			files = (
				4E2AB0711F9A09AA006F47C9 /* CloudKit.framework in Frameworks */,
			);
			runOnlyForDeploymentPostprocessing = 0;
		};
		4E64F1B01F98AD0300569170 /* Frameworks */ = {
			isa = PBXFrameworksBuildPhase;
			buildActionMask = 2147483647;
			files = (
			);
			runOnlyForDeploymentPostprocessing = 0;
		};
		4EFBCD1D1F5454B10091F778 /* Frameworks */ = {
			isa = PBXFrameworksBuildPhase;
			buildActionMask = 2147483647;
			files = (
			);
			runOnlyForDeploymentPostprocessing = 0;
		};
		4EFBCD421F5454DD0091F778 /* Frameworks */ = {
			isa = PBXFrameworksBuildPhase;
			buildActionMask = 2147483647;
			files = (
			);
			runOnlyForDeploymentPostprocessing = 0;
		};
/* End PBXFrameworksBuildPhase section */

/* Begin PBXGroup section */
		4E167B5F1F5594370094E7E1 /* External */ = {
			isa = PBXGroup;
			children = (
				4E167B601F5594370094E7E1 /* VectorMath.swift */,
				4E167B651F5594BF0094E7E1 /* VectorMath+Quartz.swift */,
				4EDC18D01F6F262600E47028 /* BinaryCodable.swift */,
				4EDC18D31F6F262700E47028 /* BinaryCodableExtensions.swift */,
				4EDC18D21F6F262700E47028 /* BinaryDecoder.swift */,
				4EDC18D11F6F262700E47028 /* BinaryEncoder.swift */,
			);
			name = External;
			path = CRDTPlayground/External;
			sourceTree = "<group>";
		};
		4E2AB06F1F9A09A9006F47C9 /* Frameworks */ = {
			isa = PBXGroup;
			children = (
				4E2AB0701F9A09AA006F47C9 /* CloudKit.framework */,
			);
			name = Frameworks;
			sourceTree = "<group>";
		};
		4E4F06F51F7947400013E8A9 /* Testing View Controllers */ = {
			isa = PBXGroup;
			children = (
				4EFBCD251F5454B10091F778 /* CausalTreeDisplayViewController.swift */,
				4E3B3ACD1F620C2300BDF63A /* CausalTreeControlViewController.swift */,
			);
			path = "Testing View Controllers";
			sourceTree = "<group>";
		};
		4E4F06F61F7947AA0013E8A9 /* Data Interfaces */ = {
			isa = PBXGroup;
			children = (
				4ED619781F69A4DA00B26537 /* CausalTreeTextStorage.swift */,
				4E788BBB1F6D519700AC8333 /* CausalTreeStringWrapper.swift */,
				4EB3C0941F71C473007F5F51 /* CausalTreeDrawEditingView.swift */,
				4E4F06F81F7956FF0013E8A9 /* CausalTreeBezierWrapper.swift */,
			);
			path = "Data Interfaces";
			sourceTree = "<group>";
		};
		4E4F06F71F7948820013E8A9 /* Data Protocols */ = {
			isa = PBXGroup;
			children = (
				4E077F9B1F7024DD00FAEE15 /* CausalTreeInterface.swift */,
				4E077F9D1F70250B00FAEE15 /* CausalTreeInterfaceTextExtensions.swift */,
				4EB3C0921F7172DC007F5F51 /* CausalTreeInterfaceDrawExtensions.swift */,
			);
			path = "Data Protocols";
			sourceTree = "<group>";
		};
		4E64F16B1F98A39200569170 /* Util */ = {
			isa = PBXGroup;
			children = (
				4E64F1761F98A3C000569170 /* Util.swift */,
			);
			path = Util;
			sourceTree = "<group>";
		};
		4E64F17F1F98AAA800569170 /* CloudKitRealTimeCollabTest */ = {
			isa = PBXGroup;
			children = (
				4E2AB06E1F9A08B9006F47C9 /* CloudKitRealTimeCollabTest.entitlements */,
				4E64F1801F98AAA800569170 /* AppDelegate.swift */,
				4EBDC4F31F9BB54000FC0DEB /* Model */,
				4EBDC4F21F9BB53700FC0DEB /* Controllers */,
				4EBDC4F11F9BB52900FC0DEB /* DataStack */,
				4E64F1861F98AAA800569170 /* Main.storyboard */,
				4E64F1891F98AAA800569170 /* Assets.xcassets */,
				4E64F18B1F98AAA800569170 /* LaunchScreen.storyboard */,
				4E64F18E1F98AAA800569170 /* Info.plist */,
			);
			path = CloudKitRealTimeCollabTest;
			sourceTree = "<group>";
		};
		4E64F1B51F98AD0400569170 /* CRDTFramework-iOS */ = {
			isa = PBXGroup;
			children = (
				4E64F1B61F98AD0400569170 /* CRDTFramework-iOS.h */,
				4E64F1B71F98AD0400569170 /* Info.plist */,
			);
			path = "CRDTFramework-iOS";
			sourceTree = "<group>";
		};
		4E66B5482006D932001C4BAC /* StringRepresentation */ = {
			isa = PBXGroup;
			children = (
				4EC536BE1FA343590007914B /* CRDTTextEditing.swift */,
				4EEE4D3A1FAA47F10011F964 /* CRDTStringCharacterAtom.swift */,
				4E4476E61F99524A0030364C /* CausalTreeStringWrapper.swift */,
			);
			path = StringRepresentation;
			sourceTree = "<group>";
		};
		4EBDC4F11F9BB52900FC0DEB /* DataStack */ = {
			isa = PBXGroup;
			children = (
				4E65779F1F9BD70100016F61 /* DataStack.swift */,
				4EBDC4F41F9BB55400FC0DEB /* Memory.swift */,
				4EBDC4EF1F9BB52100FC0DEB /* MemoryNetworkLayer.swift */,
				4E2AB0721F9A10E0006F47C9 /* Network.swift */,
			);
			path = DataStack;
			sourceTree = "<group>";
		};
		4EBDC4F21F9BB53700FC0DEB /* Controllers */ = {
			isa = PBXGroup;
			children = (
				4E64F1821F98AAA800569170 /* MasterViewController.swift */,
				4E64F1841F98AAA800569170 /* DetailViewController.swift */,
			);
			path = Controllers;
			sourceTree = "<group>";
		};
		4EBDC4F31F9BB54000FC0DEB /* Model */ = {
			isa = PBXGroup;
			children = (
				4E0E95E51F98BD5300D35635 /* CausalTreeSetup.swift */,
				4E4476E21F9915CC0030364C /* CausalTreeCloudKitTextStorage.swift */,
			);
			path = Model;
			sourceTree = "<group>";
		};
		4ED619761F69A48C00B26537 /* TestingExtras */ = {
			isa = PBXGroup;
			children = (
				4E4F06F31F7947320013E8A9 /* CausalTreeTypeSetup.swift */,
				4EECA6EE1F67198500B35F02 /* FakePeerSwarm.swift */,
				4E78BD251F6A953F000FF4DD /* TestingRecorder.swift */,
				4E4F06F51F7947400013E8A9 /* Testing View Controllers */,
				4E4F06F61F7947AA0013E8A9 /* Data Interfaces */,
				4E4F06F71F7948820013E8A9 /* Data Protocols */,
			);
			path = TestingExtras;
			sourceTree = "<group>";
		};
		4ED619771F69A4A800B26537 /* CRDT */ = {
			isa = PBXGroup;
			children = (
				4E6EF1021F5F21D600161ECE /* CRDTTesting.swift */,
			);
			name = CRDT;
			sourceTree = "<group>";
		};
		4EFBCD171F5454B10091F778 = {
			isa = PBXGroup;
			children = (
				4EDC18CF1F6ECBC300E47028 /* README.md */,
				4EBE47581F7B9DB70020BA0A /* TODO.md */,
				4EFBCD221F5454B10091F778 /* CRDTPlayground */,
				4E64F17F1F98AAA800569170 /* CloudKitRealTimeCollabTest */,
				4E167B5F1F5594370094E7E1 /* External */,
				4EFBCD471F5454DD0091F778 /* CRDTFramework */,
				4E64F1B51F98AD0400569170 /* CRDTFramework-iOS */,
				4E64F16B1F98A39200569170 /* Util */,
				4EFBCD211F5454B10091F778 /* Products */,
				4E2AB06F1F9A09A9006F47C9 /* Frameworks */,
			);
			sourceTree = "<group>";
		};
		4EFBCD211F5454B10091F778 /* Products */ = {
			isa = PBXGroup;
			children = (
				4EFBCD201F5454B10091F778 /* CRDTPlayground.app */,
				4EFBCD461F5454DD0091F778 /* CRDTFramework_OSX.framework */,
				4E64F17E1F98AAA800569170 /* CloudKitRealTimeCollabTest.app */,
				4E64F1B41F98AD0300569170 /* CRDTFramework_iOS.framework */,
			);
			name = Products;
			sourceTree = "<group>";
		};
		4EFBCD221F5454B10091F778 /* CRDTPlayground */ = {
			isa = PBXGroup;
			children = (
				4EFBCD231F5454B10091F778 /* AppDelegate.swift */,
				4E167B6B1F56249F0094E7E1 /* Utilities.swift */,
				4ED619761F69A48C00B26537 /* TestingExtras */,
				4ED619771F69A4A800B26537 /* CRDT */,
				4EFBCD271F5454B10091F778 /* Assets.xcassets */,
				4EFBCD291F5454B10091F778 /* Main.storyboard */,
				4EFBCD2C1F5454B10091F778 /* Info.plist */,
				4EFBCD2D1F5454B10091F778 /* CRDTPlayground.entitlements */,
			);
			path = CRDTPlayground;
			sourceTree = "<group>";
		};
		4EFBCD471F5454DD0091F778 /* CRDTFramework */ = {
			isa = PBXGroup;
			children = (
				4EFBCD491F5454DD0091F778 /* Info.plist */,
				4EFBCD481F5454DD0091F778 /* CRDTFramework.h */,
				4E6EF1041F5F60E900161ECE /* CRDTGeneral.swift */,
				4E4E2EEE1F6FDF930063E300 /* CRDTCausalTreesBasicTypes.swift */,
				4EEE4D321FAA3FC70011F964 /* CRDTCausalTreesSpecificTypes.swift */,
				4E4E2EEC1F6FDE9E0063E300 /* CRDTCausalTrees.swift */,
				4E4E2EEA1F6FDE920063E300 /* CRDTCausalTreesSiteIndex.swift */,
				4EFBCD6B1F5457D80091F778 /* CRDTCausalTreesWeave.swift */,
				4E75BC9F1F8D346A00E82930 /* CRDTCausalTreesWeaveDeprecated.swift */,
				4E75BC9C1F8D0CE200E82930 /* CRDTCounter.swift */,
				4EC536C41FA35D510007914B /* CRDTMap.swift */,
				4E6EF1001F5F21C300161ECE /* CRDTUtilities.swift */,
				4E66B5482006D932001C4BAC /* StringRepresentation */,
			);
			path = CRDTFramework;
			sourceTree = "<group>";
		};
/* End PBXGroup section */

/* Begin PBXHeadersBuildPhase section */
		4E64F1B11F98AD0300569170 /* Headers */ = {
			isa = PBXHeadersBuildPhase;
			buildActionMask = 2147483647;
			files = (
				4E4476CB1F98FC650030364C /* CRDTFramework-iOS.h in Headers */,
			);
			runOnlyForDeploymentPostprocessing = 0;
		};
		4EFBCD431F5454DD0091F778 /* Headers */ = {
			isa = PBXHeadersBuildPhase;
			buildActionMask = 2147483647;
			files = (
				4EFBCD581F5454DE0091F778 /* CRDTFramework.h in Headers */,
			);
			runOnlyForDeploymentPostprocessing = 0;
		};
/* End PBXHeadersBuildPhase section */

/* Begin PBXNativeTarget section */
		4E64F17D1F98AAA800569170 /* CloudKitRealTimeCollabTest */ = {
			isa = PBXNativeTarget;
			buildConfigurationList = 4E64F1911F98AAA800569170 /* Build configuration list for PBXNativeTarget "CloudKitRealTimeCollabTest" */;
			buildPhases = (
				4E64F17A1F98AAA800569170 /* Sources */,
				4E64F17B1F98AAA800569170 /* Frameworks */,
				4E64F17C1F98AAA800569170 /* Resources */,
				4E4476F91F9953FB0030364C /* Embed Frameworks */,
			);
			buildRules = (
			);
			dependencies = (
			);
			name = CloudKitRealTimeCollabTest;
			productName = CloudKitRealTimeCollabTest;
			productReference = 4E64F17E1F98AAA800569170 /* CloudKitRealTimeCollabTest.app */;
			productType = "com.apple.product-type.application";
		};
		4E64F1B31F98AD0300569170 /* CRDTFramework-iOS */ = {
			isa = PBXNativeTarget;
			buildConfigurationList = 4E64F1BD1F98AD0400569170 /* Build configuration list for PBXNativeTarget "CRDTFramework-iOS" */;
			buildPhases = (
				4E64F1AF1F98AD0300569170 /* Sources */,
				4E64F1B01F98AD0300569170 /* Frameworks */,
				4E64F1B11F98AD0300569170 /* Headers */,
				4E64F1B21F98AD0300569170 /* Resources */,
			);
			buildRules = (
			);
			dependencies = (
			);
			name = "CRDTFramework-iOS";
			productName = CRDTFramework_iOS;
			productReference = 4E64F1B41F98AD0300569170 /* CRDTFramework_iOS.framework */;
			productType = "com.apple.product-type.framework";
		};
		4EFBCD1F1F5454B10091F778 /* CRDTPlayground */ = {
			isa = PBXNativeTarget;
			buildConfigurationList = 4EFBCD3B1F5454B10091F778 /* Build configuration list for PBXNativeTarget "CRDTPlayground" */;
			buildPhases = (
				4EFBCD1C1F5454B10091F778 /* Sources */,
				4EFBCD1D1F5454B10091F778 /* Frameworks */,
				4EFBCD1E1F5454B10091F778 /* Resources */,
			);
			buildRules = (
			);
			dependencies = (
			);
			name = CRDTPlayground;
			productName = CRDTPlayground;
			productReference = 4EFBCD201F5454B10091F778 /* CRDTPlayground.app */;
			productType = "com.apple.product-type.application";
		};
		4EFBCD451F5454DD0091F778 /* CRDTFramework-OSX */ = {
			isa = PBXNativeTarget;
			buildConfigurationList = 4EFBCD5D1F5454DE0091F778 /* Build configuration list for PBXNativeTarget "CRDTFramework-OSX" */;
			buildPhases = (
				4EFBCD411F5454DD0091F778 /* Sources */,
				4EFBCD421F5454DD0091F778 /* Frameworks */,
				4EFBCD431F5454DD0091F778 /* Headers */,
				4EFBCD441F5454DD0091F778 /* Resources */,
			);
			buildRules = (
			);
			dependencies = (
			);
			name = "CRDTFramework-OSX";
			productName = CRDTFramework;
			productReference = 4EFBCD461F5454DD0091F778 /* CRDTFramework_OSX.framework */;
			productType = "com.apple.product-type.framework";
		};
/* End PBXNativeTarget section */

/* Begin PBXProject section */
		4EFBCD181F5454B10091F778 /* Project object */ = {
			isa = PBXProject;
			attributes = {
				LastSwiftUpdateCheck = 0900;
				LastUpgradeCheck = 0900;
				ORGANIZATIONNAME = "Alexei Baboulevitch";
				TargetAttributes = {
					4E64F17D1F98AAA800569170 = {
						CreatedOnToolsVersion = 9.0;
						ProvisioningStyle = Automatic;
						SystemCapabilities = {
							com.apple.BackgroundModes = {
								enabled = 1;
							};
							com.apple.Push = {
								enabled = 1;
							};
							com.apple.iCloud = {
								enabled = 1;
							};
						};
					};
					4E64F1B31F98AD0300569170 = {
						CreatedOnToolsVersion = 9.0;
						ProvisioningStyle = Manual;
					};
					4EFBCD1F1F5454B10091F778 = {
						CreatedOnToolsVersion = 9.0;
						SystemCapabilities = {
							com.apple.Sandbox = {
								enabled = 0;
							};
							com.apple.iCloud = {
								enabled = 1;
							};
						};
					};
					4EFBCD451F5454DD0091F778 = {
						CreatedOnToolsVersion = 9.0;
						ProvisioningStyle = Manual;
					};
				};
			};
			buildConfigurationList = 4EFBCD1B1F5454B10091F778 /* Build configuration list for PBXProject "CRDTPlayground" */;
			compatibilityVersion = "Xcode 8.0";
			developmentRegion = en;
			hasScannedForEncodings = 0;
			knownRegions = (
				en,
				Base,
			);
			mainGroup = 4EFBCD171F5454B10091F778;
			productRefGroup = 4EFBCD211F5454B10091F778 /* Products */;
			projectDirPath = "";
			projectRoot = "";
			targets = (
				4EFBCD1F1F5454B10091F778 /* CRDTPlayground */,
				4E64F17D1F98AAA800569170 /* CloudKitRealTimeCollabTest */,
				4EFBCD451F5454DD0091F778 /* CRDTFramework-OSX */,
				4E64F1B31F98AD0300569170 /* CRDTFramework-iOS */,
			);
		};
/* End PBXProject section */

/* Begin PBXResourcesBuildPhase section */
		4E64F17C1F98AAA800569170 /* Resources */ = {
			isa = PBXResourcesBuildPhase;
			buildActionMask = 2147483647;
			files = (
				4E64F18D1F98AAA800569170 /* LaunchScreen.storyboard in Resources */,
				4E64F18A1F98AAA800569170 /* Assets.xcassets in Resources */,
				4E64F1881F98AAA800569170 /* Main.storyboard in Resources */,
			);
			runOnlyForDeploymentPostprocessing = 0;
		};
		4E64F1B21F98AD0300569170 /* Resources */ = {
			isa = PBXResourcesBuildPhase;
			buildActionMask = 2147483647;
			files = (
			);
			runOnlyForDeploymentPostprocessing = 0;
		};
		4EFBCD1E1F5454B10091F778 /* Resources */ = {
			isa = PBXResourcesBuildPhase;
			buildActionMask = 2147483647;
			files = (
				4EFBCD281F5454B10091F778 /* Assets.xcassets in Resources */,
				4EFBCD2B1F5454B10091F778 /* Main.storyboard in Resources */,
			);
			runOnlyForDeploymentPostprocessing = 0;
		};
		4EFBCD441F5454DD0091F778 /* Resources */ = {
			isa = PBXResourcesBuildPhase;
			buildActionMask = 2147483647;
			files = (
			);
			runOnlyForDeploymentPostprocessing = 0;
		};
/* End PBXResourcesBuildPhase section */

/* Begin PBXSourcesBuildPhase section */
		4E64F17A1F98AAA800569170 /* Sources */ = {
			isa = PBXSourcesBuildPhase;
			buildActionMask = 2147483647;
			files = (
				4E0E95E61F98BD5300D35635 /* CausalTreeSetup.swift in Sources */,
				4E4476DE1F9914810030364C /* BinaryDecoder.swift in Sources */,
				4E4476CE1F98FC8E0030364C /* CRDTCausalTrees.swift in Sources */,
				4EBDC4F51F9BB55400FC0DEB /* Memory.swift in Sources */,
				4E4476DF1F9914810030364C /* BinaryEncoder.swift in Sources */,
				4E64F1851F98AAA800569170 /* DetailViewController.swift in Sources */,
				4EC536BF1FA343590007914B /* CRDTTextEditing.swift in Sources */,
				4E4476D31F98FC8E0030364C /* CRDTCounter.swift in Sources */,
				4E64F1831F98AAA800569170 /* MasterViewController.swift in Sources */,
				4E6577A01F9BD70100016F61 /* DataStack.swift in Sources */,
				4EBDC4F01F9BB52100FC0DEB /* MemoryNetworkLayer.swift in Sources */,
				4E4476D01F98FC8E0030364C /* CRDTCausalTreesWeave.swift in Sources */,
				4E4476CC1F98FC8E0030364C /* CRDTGeneral.swift in Sources */,
				4EEE4D371FAA3FD70011F964 /* CRDTCausalTreesSpecificTypes.swift in Sources */,
				4E64F1811F98AAA800569170 /* AppDelegate.swift in Sources */,
				4E964A0F1F9963E60076EFA1 /* CausalTreeCloudKitTextStorage.swift in Sources */,
				4E64F1CA1F98AE3D00569170 /* Util.swift in Sources */,
				4E4476DD1F9914810030364C /* BinaryCodableExtensions.swift in Sources */,
				4E4476E71F99524A0030364C /* CausalTreeStringWrapper.swift in Sources */,
				4E4476CD1F98FC8E0030364C /* CRDTCausalTreesBasicTypes.swift in Sources */,
				4EEE4D3C1FAA481A0011F964 /* CRDTStringCharacterAtom.swift in Sources */,
				4EC536C51FA35D510007914B /* CRDTMap.swift in Sources */,
				4E4476DC1F9914810030364C /* BinaryCodable.swift in Sources */,
				4E2AB0731F9A10E0006F47C9 /* Network.swift in Sources */,
				4E4476CF1F98FC8E0030364C /* CRDTCausalTreesSiteIndex.swift in Sources */,
				4E4476D21F98FC8E0030364C /* CRDTUtilities.swift in Sources */,
			);
			runOnlyForDeploymentPostprocessing = 0;
		};
		4E64F1AF1F98AD0300569170 /* Sources */ = {
			isa = PBXSourcesBuildPhase;
			buildActionMask = 2147483647;
			files = (
				4E64F1C11F98AD1100569170 /* CRDTCausalTreesBasicTypes.swift in Sources */,
				4EEE4D3E1FAA481B0011F964 /* CRDTStringCharacterAtom.swift in Sources */,
				4E66B5502006D95F001C4BAC /* CausalTreeStringWrapper.swift in Sources */,
				4E66B54A2006D951001C4BAC /* CRDTTextEditing.swift in Sources */,
				4EEE4D361FAA3FD50011F964 /* CRDTMap.swift in Sources */,
				4E64F1C71F98AD1100569170 /* CRDTCounter.swift in Sources */,
				4EEE4D391FAA3FD90011F964 /* CRDTCausalTreesSpecificTypes.swift in Sources */,
				4E64F1C21F98AD1100569170 /* CRDTCausalTrees.swift in Sources */,
				4E64F1C91F98AE3C00569170 /* Util.swift in Sources */,
				4E64F1C01F98AD1100569170 /* CRDTGeneral.swift in Sources */,
				4E64F1C31F98AD1100569170 /* CRDTCausalTreesSiteIndex.swift in Sources */,
				4E64F1C41F98AD1100569170 /* CRDTCausalTreesWeave.swift in Sources */,
				4E64F1C61F98AD1100569170 /* CRDTUtilities.swift in Sources */,
			);
			runOnlyForDeploymentPostprocessing = 0;
		};
		4EFBCD1C1F5454B10091F778 /* Sources */ = {
			isa = PBXSourcesBuildPhase;
			buildActionMask = 2147483647;
			files = (
				4EC536C01FA344820007914B /* VectorMath.swift in Sources */,
				4EC536C11FA344820007914B /* VectorMath+Quartz.swift in Sources */,
				4E7962CD1F60357A00EFB542 /* CausalTreeDisplayViewController.swift in Sources */,
				4E077F9E1F70250B00FAEE15 /* CausalTreeInterfaceTextExtensions.swift in Sources */,
				4E4476D51F98FC8E0030364C /* CRDTCausalTreesBasicTypes.swift in Sources */,
				4E4F06F91F7956FF0013E8A9 /* CausalTreeBezierWrapper.swift in Sources */,
				4ED619791F69A4DA00B26537 /* CausalTreeTextStorage.swift in Sources */,
				4E4476D61F98FC8E0030364C /* CRDTCausalTrees.swift in Sources */,
				4E077F9C1F7024DD00FAEE15 /* CausalTreeInterface.swift in Sources */,
				4E4476D71F98FC8E0030364C /* CRDTCausalTreesSiteIndex.swift in Sources */,
				4EEE4D341FAA3FD40011F964 /* CRDTMap.swift in Sources */,
				4E4476D81F98FC8E0030364C /* CRDTCausalTreesWeave.swift in Sources */,
				4E289A081F6F4C11006F4E1B /* BinaryDecoder.swift in Sources */,
				4E78BD261F6A953F000FF4DD /* TestingRecorder.swift in Sources */,
				4E66B5492006D951001C4BAC /* CRDTTextEditing.swift in Sources */,
				4EEE4D331FAA3FC70011F964 /* CRDTCausalTreesSpecificTypes.swift in Sources */,
				4E289A091F6F4C11006F4E1B /* BinaryEncoder.swift in Sources */,
				4E64F1CB1F98AE3D00569170 /* Util.swift in Sources */,
				4E4F06F41F7947320013E8A9 /* CausalTreeTypeSetup.swift in Sources */,
				4EB3C0951F71C473007F5F51 /* CausalTreeDrawEditingView.swift in Sources */,
				4E66B5522006DA79001C4BAC /* CausalTreeStringWrapper.swift in Sources */,
				4EB3C0931F7172DC007F5F51 /* CausalTreeInterfaceDrawExtensions.swift in Sources */,
				4E167B6C1F56249F0094E7E1 /* Utilities.swift in Sources */,
				4E289A071F6F4C11006F4E1B /* BinaryCodableExtensions.swift in Sources */,
				4E289A061F6F4C11006F4E1B /* BinaryCodable.swift in Sources */,
				4E4476DA1F98FC8E0030364C /* CRDTUtilities.swift in Sources */,
				4EECA6EF1F67198500B35F02 /* FakePeerSwarm.swift in Sources */,
				4E4476D41F98FC8E0030364C /* CRDTGeneral.swift in Sources */,
				4E4476DB1F98FC8E0030364C /* CRDTCounter.swift in Sources */,
				4EEE4D3B1FAA47F10011F964 /* CRDTStringCharacterAtom.swift in Sources */,
				4EFBCD241F5454B10091F778 /* AppDelegate.swift in Sources */,
				4E3B3ACE1F620C2300BDF63A /* CausalTreeControlViewController.swift in Sources */,
			);
			runOnlyForDeploymentPostprocessing = 0;
		};
		4EFBCD411F5454DD0091F778 /* Sources */ = {
			isa = PBXSourcesBuildPhase;
			buildActionMask = 2147483647;
			files = (
				4E64F1631F98A31200569170 /* CRDTCounter.swift in Sources */,
				4EEE4D3D1FAA481A0011F964 /* CRDTStringCharacterAtom.swift in Sources */,
				4E66B5512006D95F001C4BAC /* CausalTreeStringWrapper.swift in Sources */,
				4E66B54B2006D951001C4BAC /* CRDTTextEditing.swift in Sources */,
				4EEE4D351FAA3FD50011F964 /* CRDTMap.swift in Sources */,
				4E64F15D1F98A31200569170 /* CRDTCausalTrees.swift in Sources */,
				4EEE4D381FAA3FD90011F964 /* CRDTCausalTreesSpecificTypes.swift in Sources */,
				4E64F15E1F98A31200569170 /* CRDTGeneral.swift in Sources */,
				4E64F1C81F98AE3C00569170 /* Util.swift in Sources */,
				4E64F1601F98A31200569170 /* CRDTCausalTreesBasicTypes.swift in Sources */,
				4E64F1611F98A31200569170 /* CRDTUtilities.swift in Sources */,
				4E64F1641F98A31200569170 /* CRDTCausalTreesWeave.swift in Sources */,
				4E64F15F1F98A31200569170 /* CRDTCausalTreesSiteIndex.swift in Sources */,
			);
			runOnlyForDeploymentPostprocessing = 0;
		};
/* End PBXSourcesBuildPhase section */

/* Begin PBXVariantGroup section */
		4E64F1861F98AAA800569170 /* Main.storyboard */ = {
			isa = PBXVariantGroup;
			children = (
				4E64F1871F98AAA800569170 /* Base */,
			);
			name = Main.storyboard;
			sourceTree = "<group>";
		};
		4E64F18B1F98AAA800569170 /* LaunchScreen.storyboard */ = {
			isa = PBXVariantGroup;
			children = (
				4E64F18C1F98AAA800569170 /* Base */,
			);
			name = LaunchScreen.storyboard;
			sourceTree = "<group>";
		};
		4EFBCD291F5454B10091F778 /* Main.storyboard */ = {
			isa = PBXVariantGroup;
			children = (
				4EFBCD2A1F5454B10091F778 /* Base */,
			);
			name = Main.storyboard;
			sourceTree = "<group>";
		};
/* End PBXVariantGroup section */

/* Begin XCBuildConfiguration section */
		4E64F18F1F98AAA800569170 /* Debug */ = {
			isa = XCBuildConfiguration;
			buildSettings = {
				ASSETCATALOG_COMPILER_APPICON_NAME = AppIcon;
				CLANG_WARN_NON_LITERAL_NULL_CONVERSION = YES;
				CLANG_WARN_OBJC_LITERAL_CONVERSION = YES;
				CODE_SIGN_ENTITLEMENTS = CloudKitRealTimeCollabTest/CloudKitRealTimeCollabTest.entitlements;
				CODE_SIGN_IDENTITY = "iPhone Developer";
				CODE_SIGN_STYLE = Automatic;
				DEVELOPMENT_TEAM = R4MX2B96J2;
				INFOPLIST_FILE = CloudKitRealTimeCollabTest/Info.plist;
				IPHONEOS_DEPLOYMENT_TARGET = 11.0;
				LD_RUNPATH_SEARCH_PATHS = "$(inherited) @executable_path/Frameworks";
				PRODUCT_BUNDLE_IDENTIFIER = net.archagon.CKCausalTreeTextCollabDemo;
				PRODUCT_NAME = "$(TARGET_NAME)";
				SDKROOT = iphoneos;
				SWIFT_VERSION = 4.0;
				TARGETED_DEVICE_FAMILY = "1,2";
			};
			name = Debug;
		};
		4E64F1901F98AAA800569170 /* Release */ = {
			isa = XCBuildConfiguration;
			buildSettings = {
				ASSETCATALOG_COMPILER_APPICON_NAME = AppIcon;
				CLANG_WARN_NON_LITERAL_NULL_CONVERSION = YES;
				CLANG_WARN_OBJC_LITERAL_CONVERSION = YES;
				CODE_SIGN_ENTITLEMENTS = CloudKitRealTimeCollabTest/CloudKitRealTimeCollabTest.entitlements;
				CODE_SIGN_IDENTITY = "iPhone Developer";
				CODE_SIGN_STYLE = Automatic;
				DEVELOPMENT_TEAM = R4MX2B96J2;
				GCC_OPTIMIZATION_LEVEL = fast;
				INFOPLIST_FILE = CloudKitRealTimeCollabTest/Info.plist;
				IPHONEOS_DEPLOYMENT_TARGET = 11.0;
				LD_RUNPATH_SEARCH_PATHS = "$(inherited) @executable_path/Frameworks";
				PRODUCT_BUNDLE_IDENTIFIER = net.archagon.CKCausalTreeTextCollabDemo;
				PRODUCT_NAME = "$(TARGET_NAME)";
				SDKROOT = iphoneos;
				SWIFT_VERSION = 4.0;
				TARGETED_DEVICE_FAMILY = "1,2";
				VALIDATE_PRODUCT = YES;
			};
			name = Release;
		};
		4E64F1BE1F98AD0400569170 /* Debug */ = {
			isa = XCBuildConfiguration;
			buildSettings = {
				APPLICATION_EXTENSION_API_ONLY = YES;
				CLANG_WARN_NON_LITERAL_NULL_CONVERSION = YES;
				CLANG_WARN_OBJC_LITERAL_CONVERSION = YES;
				CODE_SIGN_IDENTITY = "iPhone Developer";
				CODE_SIGN_STYLE = Manual;
				CURRENT_PROJECT_VERSION = 1;
				DEFINES_MODULE = YES;
				DEVELOPMENT_TEAM = R4MX2B96J2;
				DYLIB_COMPATIBILITY_VERSION = 1;
				DYLIB_CURRENT_VERSION = 1;
				DYLIB_INSTALL_NAME_BASE = "@rpath";
				INFOPLIST_FILE = "CRDTFramework-iOS/Info.plist";
				INSTALL_PATH = "$(LOCAL_LIBRARY_DIR)/Frameworks";
				IPHONEOS_DEPLOYMENT_TARGET = 11.0;
				LD_RUNPATH_SEARCH_PATHS = "$(inherited) @executable_path/Frameworks @loader_path/Frameworks";
				PRODUCT_BUNDLE_IDENTIFIER = "Alexei-Baboulevitch.CRDTFramework-iOS";
				PRODUCT_NAME = "$(TARGET_NAME:c99extidentifier)";
				PROVISIONING_PROFILE_SPECIFIER = "";
				SDKROOT = iphoneos;
				SKIP_INSTALL = YES;
				TARGETED_DEVICE_FAMILY = "1,2";
				VERSIONING_SYSTEM = "apple-generic";
				VERSION_INFO_PREFIX = "";
			};
			name = Debug;
		};
		4E64F1BF1F98AD0400569170 /* Release */ = {
			isa = XCBuildConfiguration;
			buildSettings = {
				APPLICATION_EXTENSION_API_ONLY = YES;
				CLANG_WARN_NON_LITERAL_NULL_CONVERSION = YES;
				CLANG_WARN_OBJC_LITERAL_CONVERSION = YES;
				CODE_SIGN_IDENTITY = "iPhone Developer";
				CODE_SIGN_STYLE = Manual;
				CURRENT_PROJECT_VERSION = 1;
				DEFINES_MODULE = YES;
				DEVELOPMENT_TEAM = R4MX2B96J2;
				DYLIB_COMPATIBILITY_VERSION = 1;
				DYLIB_CURRENT_VERSION = 1;
				DYLIB_INSTALL_NAME_BASE = "@rpath";
				GCC_OPTIMIZATION_LEVEL = fast;
				INFOPLIST_FILE = "CRDTFramework-iOS/Info.plist";
				INSTALL_PATH = "$(LOCAL_LIBRARY_DIR)/Frameworks";
				IPHONEOS_DEPLOYMENT_TARGET = 11.0;
				LD_RUNPATH_SEARCH_PATHS = "$(inherited) @executable_path/Frameworks @loader_path/Frameworks";
				PRODUCT_BUNDLE_IDENTIFIER = "Alexei-Baboulevitch.CRDTFramework-iOS";
				PRODUCT_NAME = "$(TARGET_NAME:c99extidentifier)";
				PROVISIONING_PROFILE_SPECIFIER = "";
				SDKROOT = iphoneos;
				SKIP_INSTALL = YES;
				TARGETED_DEVICE_FAMILY = "1,2";
				VALIDATE_PRODUCT = YES;
				VERSIONING_SYSTEM = "apple-generic";
				VERSION_INFO_PREFIX = "";
			};
			name = Release;
		};
		4EFBCD391F5454B10091F778 /* Debug */ = {
			isa = XCBuildConfiguration;
			buildSettings = {
				ALWAYS_SEARCH_USER_PATHS = NO;
				CLANG_ANALYZER_NONNULL = YES;
				CLANG_ANALYZER_NUMBER_OBJECT_CONVERSION = YES_AGGRESSIVE;
				CLANG_CXX_LANGUAGE_STANDARD = "gnu++14";
				CLANG_CXX_LIBRARY = "libc++";
				CLANG_ENABLE_MODULES = YES;
				CLANG_ENABLE_OBJC_ARC = YES;
				CLANG_WARN_BLOCK_CAPTURE_AUTORELEASING = YES;
				CLANG_WARN_BOOL_CONVERSION = YES;
				CLANG_WARN_COMMA = YES;
				CLANG_WARN_CONSTANT_CONVERSION = YES;
				CLANG_WARN_DIRECT_OBJC_ISA_USAGE = YES_ERROR;
				CLANG_WARN_DOCUMENTATION_COMMENTS = YES;
				CLANG_WARN_EMPTY_BODY = YES;
				CLANG_WARN_ENUM_CONVERSION = YES;
				CLANG_WARN_INFINITE_RECURSION = YES;
				CLANG_WARN_INT_CONVERSION = YES;
				CLANG_WARN_OBJC_ROOT_CLASS = YES_ERROR;
				CLANG_WARN_RANGE_LOOP_ANALYSIS = YES;
				CLANG_WARN_STRICT_PROTOTYPES = YES;
				CLANG_WARN_SUSPICIOUS_MOVE = YES;
				CLANG_WARN_UNGUARDED_AVAILABILITY = YES_AGGRESSIVE;
				CLANG_WARN_UNREACHABLE_CODE = YES;
				CLANG_WARN__DUPLICATE_METHOD_MATCH = YES;
				CODE_SIGN_IDENTITY = "Mac Developer";
				COPY_PHASE_STRIP = NO;
				DEBUG_INFORMATION_FORMAT = dwarf;
				ENABLE_STRICT_OBJC_MSGSEND = YES;
				ENABLE_TESTABILITY = YES;
				GCC_C_LANGUAGE_STANDARD = gnu11;
				GCC_DYNAMIC_NO_PIC = NO;
				GCC_NO_COMMON_BLOCKS = YES;
				GCC_OPTIMIZATION_LEVEL = 0;
				GCC_PREPROCESSOR_DEFINITIONS = (
					"DEBUG=1",
					"$(inherited)",
				);
				GCC_WARN_64_TO_32_BIT_CONVERSION = YES;
				GCC_WARN_ABOUT_RETURN_TYPE = YES_ERROR;
				GCC_WARN_UNDECLARED_SELECTOR = YES;
				GCC_WARN_UNINITIALIZED_AUTOS = YES_AGGRESSIVE;
				GCC_WARN_UNUSED_FUNCTION = YES;
				GCC_WARN_UNUSED_VARIABLE = YES;
				MACOSX_DEPLOYMENT_TARGET = 10.12;
				MTL_ENABLE_DEBUG_INFO = YES;
				ONLY_ACTIVE_ARCH = YES;
				SWIFT_ACTIVE_COMPILATION_CONDITIONS = DEBUG;
				SWIFT_OPTIMIZATION_LEVEL = "-Onone";
				SWIFT_VERSION = 4.0;
			};
			name = Debug;
		};
		4EFBCD3A1F5454B10091F778 /* Release */ = {
			isa = XCBuildConfiguration;
			buildSettings = {
				ALWAYS_SEARCH_USER_PATHS = NO;
				CLANG_ANALYZER_NONNULL = YES;
				CLANG_ANALYZER_NUMBER_OBJECT_CONVERSION = YES_AGGRESSIVE;
				CLANG_CXX_LANGUAGE_STANDARD = "gnu++14";
				CLANG_CXX_LIBRARY = "libc++";
				CLANG_ENABLE_MODULES = YES;
				CLANG_ENABLE_OBJC_ARC = YES;
				CLANG_WARN_BLOCK_CAPTURE_AUTORELEASING = YES;
				CLANG_WARN_BOOL_CONVERSION = YES;
				CLANG_WARN_COMMA = YES;
				CLANG_WARN_CONSTANT_CONVERSION = YES;
				CLANG_WARN_DIRECT_OBJC_ISA_USAGE = YES_ERROR;
				CLANG_WARN_DOCUMENTATION_COMMENTS = YES;
				CLANG_WARN_EMPTY_BODY = YES;
				CLANG_WARN_ENUM_CONVERSION = YES;
				CLANG_WARN_INFINITE_RECURSION = YES;
				CLANG_WARN_INT_CONVERSION = YES;
				CLANG_WARN_OBJC_ROOT_CLASS = YES_ERROR;
				CLANG_WARN_RANGE_LOOP_ANALYSIS = YES;
				CLANG_WARN_STRICT_PROTOTYPES = YES;
				CLANG_WARN_SUSPICIOUS_MOVE = YES;
				CLANG_WARN_UNGUARDED_AVAILABILITY = YES_AGGRESSIVE;
				CLANG_WARN_UNREACHABLE_CODE = YES;
				CLANG_WARN__DUPLICATE_METHOD_MATCH = YES;
				CODE_SIGN_IDENTITY = "Mac Developer";
				COPY_PHASE_STRIP = NO;
				DEBUG_INFORMATION_FORMAT = "dwarf-with-dsym";
				ENABLE_NS_ASSERTIONS = NO;
				ENABLE_STRICT_OBJC_MSGSEND = YES;
				GCC_C_LANGUAGE_STANDARD = gnu11;
				GCC_NO_COMMON_BLOCKS = YES;
				GCC_WARN_64_TO_32_BIT_CONVERSION = YES;
				GCC_WARN_ABOUT_RETURN_TYPE = YES_ERROR;
				GCC_WARN_UNDECLARED_SELECTOR = YES;
				GCC_WARN_UNINITIALIZED_AUTOS = YES_AGGRESSIVE;
				GCC_WARN_UNUSED_FUNCTION = YES;
				GCC_WARN_UNUSED_VARIABLE = YES;
				MACOSX_DEPLOYMENT_TARGET = 10.12;
				MTL_ENABLE_DEBUG_INFO = NO;
				SWIFT_OPTIMIZATION_LEVEL = "-Owholemodule";
				SWIFT_VERSION = 4.0;
			};
			name = Release;
		};
		4EFBCD3C1F5454B10091F778 /* Debug */ = {
			isa = XCBuildConfiguration;
			buildSettings = {
				ASSETCATALOG_COMPILER_APPICON_NAME = AppIcon;
				CODE_SIGN_ENTITLEMENTS = CRDTPlayground/CRDTPlayground.entitlements;
				COMBINE_HIDPI_IMAGES = YES;
				DEVELOPMENT_TEAM = R4MX2B96J2;
				INFOPLIST_FILE = CRDTPlayground/Info.plist;
				LD_RUNPATH_SEARCH_PATHS = "$(inherited) @executable_path/../Frameworks @executable_path/Frameworks";
				PRODUCT_BUNDLE_IDENTIFIER = "Alexei-Baboulevitch.CRDTPlayground";
				PRODUCT_NAME = "$(TARGET_NAME)";
				SDKROOT = macosx;
				SWIFT_VERSION = 4.0;
			};
			name = Debug;
		};
		4EFBCD3D1F5454B10091F778 /* Release */ = {
			isa = XCBuildConfiguration;
			buildSettings = {
				ASSETCATALOG_COMPILER_APPICON_NAME = AppIcon;
				CODE_SIGN_ENTITLEMENTS = CRDTPlayground/CRDTPlayground.entitlements;
				COMBINE_HIDPI_IMAGES = YES;
				DEVELOPMENT_TEAM = R4MX2B96J2;
				GCC_OPTIMIZATION_LEVEL = fast;
				INFOPLIST_FILE = CRDTPlayground/Info.plist;
				LD_RUNPATH_SEARCH_PATHS = "$(inherited) @executable_path/../Frameworks @executable_path/Frameworks";
				PRODUCT_BUNDLE_IDENTIFIER = "Alexei-Baboulevitch.CRDTPlayground";
				PRODUCT_NAME = "$(TARGET_NAME)";
				SDKROOT = macosx;
				SWIFT_VERSION = 4.0;
			};
			name = Release;
		};
		4EFBCD5E1F5454DE0091F778 /* Debug */ = {
			isa = XCBuildConfiguration;
			buildSettings = {
				APPLICATION_EXTENSION_API_ONLY = YES;
				CODE_SIGN_IDENTITY = "Mac Developer";
				"CODE_SIGN_IDENTITY[sdk=iphoneos*]" = "iPhone Developer";
				CODE_SIGN_STYLE = Manual;
				COMBINE_HIDPI_IMAGES = YES;
				CURRENT_PROJECT_VERSION = 1;
				DEFINES_MODULE = YES;
				DEVELOPMENT_TEAM = R4MX2B96J2;
				DYLIB_COMPATIBILITY_VERSION = 1;
				DYLIB_CURRENT_VERSION = 1;
				DYLIB_INSTALL_NAME_BASE = "@rpath";
				FRAMEWORK_VERSION = A;
				INFOPLIST_FILE = CRDTFramework/Info.plist;
				INSTALL_PATH = "$(LOCAL_LIBRARY_DIR)/Frameworks";
				LD_RUNPATH_SEARCH_PATHS = "$(inherited) @executable_path/../Frameworks @loader_path/Frameworks";
				PRODUCT_BUNDLE_IDENTIFIER = "Alexei-Baboulevitch.CRDTFramework-OSX";
				PRODUCT_NAME = "$(TARGET_NAME:c99extidentifier)";
				PROVISIONING_PROFILE_SPECIFIER = "";
				SDKROOT = macosx;
				SKIP_INSTALL = YES;
				VERSIONING_SYSTEM = "apple-generic";
				VERSION_INFO_PREFIX = "";
			};
			name = Debug;
		};
		4EFBCD5F1F5454DE0091F778 /* Release */ = {
			isa = XCBuildConfiguration;
			buildSettings = {
				APPLICATION_EXTENSION_API_ONLY = YES;
				CODE_SIGN_IDENTITY = "Mac Developer";
				"CODE_SIGN_IDENTITY[sdk=iphoneos*]" = "iPhone Developer";
				CODE_SIGN_STYLE = Manual;
				COMBINE_HIDPI_IMAGES = YES;
				CURRENT_PROJECT_VERSION = 1;
				DEFINES_MODULE = YES;
				DEVELOPMENT_TEAM = R4MX2B96J2;
				DYLIB_COMPATIBILITY_VERSION = 1;
				DYLIB_CURRENT_VERSION = 1;
				DYLIB_INSTALL_NAME_BASE = "@rpath";
				FRAMEWORK_VERSION = A;
				GCC_OPTIMIZATION_LEVEL = fast;
				INFOPLIST_FILE = CRDTFramework/Info.plist;
				INSTALL_PATH = "$(LOCAL_LIBRARY_DIR)/Frameworks";
				LD_RUNPATH_SEARCH_PATHS = "$(inherited) @executable_path/../Frameworks @loader_path/Frameworks";
				PRODUCT_BUNDLE_IDENTIFIER = "Alexei-Baboulevitch.CRDTFramework-OSX";
				PRODUCT_NAME = "$(TARGET_NAME:c99extidentifier)";
				PROVISIONING_PROFILE_SPECIFIER = "";
				SDKROOT = macosx;
				SKIP_INSTALL = YES;
				VERSIONING_SYSTEM = "apple-generic";
				VERSION_INFO_PREFIX = "";
			};
			name = Release;
		};
/* End XCBuildConfiguration section */

/* Begin XCConfigurationList section */
		4E64F1911F98AAA800569170 /* Build configuration list for PBXNativeTarget "CloudKitRealTimeCollabTest" */ = {
			isa = XCConfigurationList;
			buildConfigurations = (
				4E64F18F1F98AAA800569170 /* Debug */,
				4E64F1901F98AAA800569170 /* Release */,
			);
			defaultConfigurationIsVisible = 0;
			defaultConfigurationName = Release;
		};
		4E64F1BD1F98AD0400569170 /* Build configuration list for PBXNativeTarget "CRDTFramework-iOS" */ = {
			isa = XCConfigurationList;
			buildConfigurations = (
				4E64F1BE1F98AD0400569170 /* Debug */,
				4E64F1BF1F98AD0400569170 /* Release */,
			);
			defaultConfigurationIsVisible = 0;
			defaultConfigurationName = Release;
		};
		4EFBCD1B1F5454B10091F778 /* Build configuration list for PBXProject "CRDTPlayground" */ = {
			isa = XCConfigurationList;
			buildConfigurations = (
				4EFBCD391F5454B10091F778 /* Debug */,
				4EFBCD3A1F5454B10091F778 /* Release */,
			);
			defaultConfigurationIsVisible = 0;
			defaultConfigurationName = Release;
		};
		4EFBCD3B1F5454B10091F778 /* Build configuration list for PBXNativeTarget "CRDTPlayground" */ = {
			isa = XCConfigurationList;
			buildConfigurations = (
				4EFBCD3C1F5454B10091F778 /* Debug */,
				4EFBCD3D1F5454B10091F778 /* Release */,
			);
			defaultConfigurationIsVisible = 0;
			defaultConfigurationName = Release;
		};
		4EFBCD5D1F5454DE0091F778 /* Build configuration list for PBXNativeTarget "CRDTFramework-OSX" */ = {
			isa = XCConfigurationList;
			buildConfigurations = (
				4EFBCD5E1F5454DE0091F778 /* Debug */,
				4EFBCD5F1F5454DE0091F778 /* Release */,
			);
			defaultConfigurationIsVisible = 0;
			defaultConfigurationName = Release;
		};
/* End XCConfigurationList section */
	};
	rootObject = 4EFBCD181F5454B10091F778 /* Project object */;
}
